
Microsoft Visual Studio Solution File, Format Version 12.00
# Visual Studio Version 17
VisualStudioVersion = 17.0.31903.59
MinimumVisualStudioVersion = 10.0.40219.1
Project("{FAE04EC0-301F-11D3-BF4B-00C04F79EFBC}") = "IssueSync.Application", "IssueSync.Application\IssueSync.Application.csproj", "{F8457DDE-A59F-4AE5-B21D-53C3CD5E3AC6}"
EndProject
Project("{FAE04EC0-301F-11D3-BF4B-00C04F79EFBC}") = "IssueSync.Contracts", "IssueSync.Contracts\IssueSync.Contracts.csproj", "{3341CA89-EC82-46C8-A301-9B253F3BD950}"
EndProject
Project("{FAE04EC0-301F-11D3-BF4B-00C04F79EFBC}") = "IssueSync.Infastructure", "IssueSync.Infastructure\IssueSync.Infastructure.csproj", "{414DD636-DEDA-45DD-9C0E-748C95B8FDEE}"
EndProject
Project("{FAE04EC0-301F-11D3-BF4B-00C04F79EFBC}") = "IssueSync.Domain", "IssueSync.Domain\IssueSync.Domain.csproj", "{395A938E-F609-41ED-B7D8-292F49BD4F84}"
EndProject
Project("{FAE04EC0-301F-11D3-BF4B-00C04F79EFBC}") = "IssueSync.Api", "IssueSync.Api\IssueSync.Api.csproj", "{4AF3CE7E-E5A9-4333-9F12-49B42E2D1216}"
EndProject
Global
	GlobalSection(SolutionConfigurationPlatforms) = preSolution
		Debug|Any CPU = Debug|Any CPU
		Release|Any CPU = Release|Any CPU
	EndGlobalSection
	GlobalSection(SolutionProperties) = preSolution
		HideSolutionNode = FALSE
	EndGlobalSection
	GlobalSection(ProjectConfigurationPlatforms) = postSolution
		{F8457DDE-A59F-4AE5-B21D-53C3CD5E3AC6}.Debug|Any CPU.ActiveCfg = Debug|Any CPU
		{F8457DDE-A59F-4AE5-B21D-53C3CD5E3AC6}.Debug|Any CPU.Build.0 = Debug|Any CPU
		{F8457DDE-A59F-4AE5-B21D-53C3CD5E3AC6}.Release|Any CPU.ActiveCfg = Release|Any CPU
		{F8457DDE-A59F-4AE5-B21D-53C3CD5E3AC6}.Release|Any CPU.Build.0 = Release|Any CPU
		{3341CA89-EC82-46C8-A301-9B253F3BD950}.Debug|Any CPU.ActiveCfg = Debug|Any CPU
		{3341CA89-EC82-46C8-A301-9B253F3BD950}.Debug|Any CPU.Build.0 = Debug|Any CPU
		{3341CA89-EC82-46C8-A301-9B253F3BD950}.Release|Any CPU.ActiveCfg = Release|Any CPU
		{3341CA89-EC82-46C8-A301-9B253F3BD950}.Release|Any CPU.Build.0 = Release|Any CPU
		{414DD636-DEDA-45DD-9C0E-748C95B8FDEE}.Debug|Any CPU.ActiveCfg = Debug|Any CPU
		{414DD636-DEDA-45DD-9C0E-748C95B8FDEE}.Debug|Any CPU.Build.0 = Debug|Any CPU
		{414DD636-DEDA-45DD-9C0E-748C95B8FDEE}.Release|Any CPU.ActiveCfg = Release|Any CPU
		{414DD636-DEDA-45DD-9C0E-748C95B8FDEE}.Release|Any CPU.Build.0 = Release|Any CPU
		{395A938E-F609-41ED-B7D8-292F49BD4F84}.Debug|Any CPU.ActiveCfg = Debug|Any CPU
		{395A938E-F609-41ED-B7D8-292F49BD4F84}.Debug|Any CPU.Build.0 = Debug|Any CPU
		{395A938E-F609-41ED-B7D8-292F49BD4F84}.Release|Any CPU.ActiveCfg = Release|Any CPU
		{395A938E-F609-41ED-B7D8-292F49BD4F84}.Release|Any CPU.Build.0 = Release|Any CPU
		{4AF3CE7E-E5A9-4333-9F12-49B42E2D1216}.Debug|Any CPU.ActiveCfg = Debug|Any CPU
		{4AF3CE7E-E5A9-4333-9F12-49B42E2D1216}.Debug|Any CPU.Build.0 = Debug|Any CPU
		{4AF3CE7E-E5A9-4333-9F12-49B42E2D1216}.Release|Any CPU.ActiveCfg = Release|Any CPU
		{4AF3CE7E-E5A9-4333-9F12-49B42E2D1216}.Release|Any CPU.Build.0 = Release|Any CPU
	EndGlobalSection
EndGlobal
